
Microsoft Visual Studio Solution File, Format Version 12.00
Project("{FAE04EC0-301F-11D3-BF4B-00C04F79EFBC}") = "domain", "domain\domain.csproj", "{82348A71-5AF0-4912-B254-228E8897D449}"
EndProject
Project("{FAE04EC0-301F-11D3-BF4B-00C04F79EFBC}") = "application", "application\application.csproj", "{814442BD-C781-49F9-96DB-FAEBE711692E}"
EndProject
Project("{FAE04EC0-301F-11D3-BF4B-00C04F79EFBC}") = "infrastructure", "infrastructure\infrastructure.csproj", "{13247B9A-70CF-4214-A3D7-7B5F60617480}"
EndProject
Project("{FAE04EC0-301F-11D3-BF4B-00C04F79EFBC}") = "api", "api\api.csproj", "{594713CD-2319-4746-A012-5FB8E026F575}"
EndProject
Global
	GlobalSection(SolutionConfigurationPlatforms) = preSolution
		Debug|Any CPU = Debug|Any CPU
		Debug|x64 = Debug|x64
		Debug|x86 = Debug|x86
		Release|Any CPU = Release|Any CPU
		Release|x64 = Release|x64
		Release|x86 = Release|x86
	EndGlobalSection
	GlobalSection(ProjectConfigurationPlatforms) = postSolution
		{82348A71-5AF0-4912-B254-228E8897D449}.Debug|Any CPU.ActiveCfg = Debug|Any CPU
		{82348A71-5AF0-4912-B254-228E8897D449}.Debug|Any CPU.Build.0 = Debug|Any CPU
		{82348A71-5AF0-4912-B254-228E8897D449}.Debug|x64.ActiveCfg = Debug|Any CPU
		{82348A71-5AF0-4912-B254-228E8897D449}.Debug|x64.Build.0 = Debug|Any CPU
		{82348A71-5AF0-4912-B254-228E8897D449}.Debug|x86.ActiveCfg = Debug|Any CPU
		{82348A71-5AF0-4912-B254-228E8897D449}.Debug|x86.Build.0 = Debug|Any CPU
		{82348A71-5AF0-4912-B254-228E8897D449}.Release|Any CPU.ActiveCfg = Release|Any CPU
		{82348A71-5AF0-4912-B254-228E8897D449}.Release|Any CPU.Build.0 = Release|Any CPU
		{82348A71-5AF0-4912-B254-228E8897D449}.Release|x64.ActiveCfg = Release|Any CPU
		{82348A71-5AF0-4912-B254-228E8897D449}.Release|x64.Build.0 = Release|Any CPU
		{82348A71-5AF0-4912-B254-228E8897D449}.Release|x86.ActiveCfg = Release|Any CPU
		{82348A71-5AF0-4912-B254-228E8897D449}.Release|x86.Build.0 = Release|Any CPU
		{814442BD-C781-49F9-96DB-FAEBE711692E}.Debug|Any CPU.ActiveCfg = Debug|Any CPU
		{814442BD-C781-49F9-96DB-FAEBE711692E}.Debug|Any CPU.Build.0 = Debug|Any CPU
		{814442BD-C781-49F9-96DB-FAEBE711692E}.Debug|x64.ActiveCfg = Debug|Any CPU
		{814442BD-C781-49F9-96DB-FAEBE711692E}.Debug|x64.Build.0 = Debug|Any CPU
		{814442BD-C781-49F9-96DB-FAEBE711692E}.Debug|x86.ActiveCfg = Debug|Any CPU
		{814442BD-C781-49F9-96DB-FAEBE711692E}.Debug|x86.Build.0 = Debug|Any CPU
		{814442BD-C781-49F9-96DB-FAEBE711692E}.Release|Any CPU.ActiveCfg = Release|Any CPU
		{814442BD-C781-49F9-96DB-FAEBE711692E}.Release|Any CPU.Build.0 = Release|Any CPU
		{814442BD-C781-49F9-96DB-FAEBE711692E}.Release|x64.ActiveCfg = Release|Any CPU
		{814442BD-C781-49F9-96DB-FAEBE711692E}.Release|x64.Build.0 = Release|Any CPU
		{814442BD-C781-49F9-96DB-FAEBE711692E}.Release|x86.ActiveCfg = Release|Any CPU
		{814442BD-C781-49F9-96DB-FAEBE711692E}.Release|x86.Build.0 = Release|Any CPU
		{13247B9A-70CF-4214-A3D7-7B5F60617480}.Debug|Any CPU.ActiveCfg = Debug|Any CPU
		{13247B9A-70CF-4214-A3D7-7B5F60617480}.Debug|Any CPU.Build.0 = Debug|Any CPU
		{13247B9A-70CF-4214-A3D7-7B5F60617480}.Debug|x64.ActiveCfg = Debug|Any CPU
		{13247B9A-70CF-4214-A3D7-7B5F60617480}.Debug|x64.Build.0 = Debug|Any CPU
		{13247B9A-70CF-4214-A3D7-7B5F60617480}.Debug|x86.ActiveCfg = Debug|Any CPU
		{13247B9A-70CF-4214-A3D7-7B5F60617480}.Debug|x86.Build.0 = Debug|Any CPU
		{13247B9A-70CF-4214-A3D7-7B5F60617480}.Release|Any CPU.ActiveCfg = Release|Any CPU
		{13247B9A-70CF-4214-A3D7-7B5F60617480}.Release|Any CPU.Build.0 = Release|Any CPU
		{13247B9A-70CF-4214-A3D7-7B5F60617480}.Release|x64.ActiveCfg = Release|Any CPU
		{13247B9A-70CF-4214-A3D7-7B5F60617480}.Release|x64.Build.0 = Release|Any CPU
		{13247B9A-70CF-4214-A3D7-7B5F60617480}.Release|x86.ActiveCfg = Release|Any CPU
		{13247B9A-70CF-4214-A3D7-7B5F60617480}.Release|x86.Build.0 = Release|Any CPU
		{594713CD-2319-4746-A012-5FB8E026F575}.Debug|Any CPU.ActiveCfg = Debug|Any CPU
		{594713CD-2319-4746-A012-5FB8E026F575}.Debug|Any CPU.Build.0 = Debug|Any CPU
		{594713CD-2319-4746-A012-5FB8E026F575}.Debug|x64.ActiveCfg = Debug|Any CPU
		{594713CD-2319-4746-A012-5FB8E026F575}.Debug|x64.Build.0 = Debug|Any CPU
		{594713CD-2319-4746-A012-5FB8E026F575}.Debug|x86.ActiveCfg = Debug|Any CPU
		{594713CD-2319-4746-A012-5FB8E026F575}.Debug|x86.Build.0 = Debug|Any CPU
		{594713CD-2319-4746-A012-5FB8E026F575}.Release|Any CPU.ActiveCfg = Release|Any CPU
		{594713CD-2319-4746-A012-5FB8E026F575}.Release|Any CPU.Build.0 = Release|Any CPU
		{594713CD-2319-4746-A012-5FB8E026F575}.Release|x64.ActiveCfg = Release|Any CPU
		{594713CD-2319-4746-A012-5FB8E026F575}.Release|x64.Build.0 = Release|Any CPU
		{594713CD-2319-4746-A012-5FB8E026F575}.Release|x86.ActiveCfg = Release|Any CPU
		{594713CD-2319-4746-A012-5FB8E026F575}.Release|x86.Build.0 = Release|Any CPU
	EndGlobalSection
	GlobalSection(SolutionProperties) = preSolution
		HideSolutionNode = FALSE
	EndGlobalSection
EndGlobal
