
Microsoft Visual Studio Solution File, Format Version 12.00
Project("{FAE04EC0-301F-11D3-BF4B-00C04F79EFBC}") = "dingoConfig", "dingoConfig.csproj", "{99FD53F1-B92A-472F-8833-7BC414D81330}"
EndProject
Global
	GlobalSection(SolutionConfigurationPlatforms) = preSolution
		Debug|Any CPU = Debug|Any CPU
		Release|Any CPU = Release|Any CPU
	EndGlobalSection
	GlobalSection(ProjectConfigurationPlatforms) = postSolution
		{99FD53F1-B92A-472F-8833-7BC414D81330}.Debug|Any CPU.ActiveCfg = Debug|Any CPU
		{99FD53F1-B92A-472F-8833-7BC414D81330}.Debug|Any CPU.Build.0 = Debug|Any CPU
		{99FD53F1-B92A-472F-8833-7BC414D81330}.Release|Any CPU.ActiveCfg = Release|Any CPU
		{99FD53F1-B92A-472F-8833-7BC414D81330}.Release|Any CPU.Build.0 = Release|Any CPU
	EndGlobalSection
EndGlobal
